
Microsoft Visual Studio Solution File, Format Version 12.00
# Visual Studio Version 16
VisualStudioVersion = 16.0.29709.97
MinimumVisualStudioVersion = 10.0.40219.1
Project("{FAE04EC0-301F-11D3-BF4B-00C04F79EFBC}") = "HackerTargetPublicAPI", "HackerTargetPublicAPI.csproj", "{86C35D77-A9C1-477E-B4FD-267B8B8E317E}"
EndProject
Global
	GlobalSection(SolutionConfigurationPlatforms) = preSolution
		Debug|Any CPU = Debug|Any CPU
		Release|Any CPU = Release|Any CPU
	EndGlobalSection
	GlobalSection(ProjectConfigurationPlatforms) = postSolution
		{86C35D77-A9C1-477E-B4FD-267B8B8E317E}.Debug|Any CPU.ActiveCfg = Debug|Any CPU
		{86C35D77-A9C1-477E-B4FD-267B8B8E317E}.Debug|Any CPU.Build.0 = Debug|Any CPU
		{86C35D77-A9C1-477E-B4FD-267B8B8E317E}.Release|Any CPU.ActiveCfg = Release|Any CPU
		{86C35D77-A9C1-477E-B4FD-267B8B8E317E}.Release|Any CPU.Build.0 = Release|Any CPU
	EndGlobalSection
	GlobalSection(SolutionProperties) = preSolution
		HideSolutionNode = FALSE
	EndGlobalSection
	GlobalSection(ExtensibilityGlobals) = postSolution
		SolutionGuid = {2A0CB122-CCF3-45FB-87C6-557AE50C821B}
	EndGlobalSection
EndGlobal
